// !$*UTF8*$!
{
	archiveVersion = 1;
	classes = {
	};
	objectVersion = 46;
	objects = {

/* Begin PBXBuildFile section */
		4811C39C1C43619600A39F91 /* AppDelegate.swift in Sources */ = {isa = PBXBuildFile; fileRef = 4811C39B1C43619600A39F91 /* AppDelegate.swift */; };
		4811C39E1C43619600A39F91 /* ViewController.swift in Sources */ = {isa = PBXBuildFile; fileRef = 4811C39D1C43619600A39F91 /* ViewController.swift */; };
		4811C3A31C43619600A39F91 /* Assets.xcassets in Resources */ = {isa = PBXBuildFile; fileRef = 4811C3A21C43619600A39F91 /* Assets.xcassets */; };
		4811C3A61C43619600A39F91 /* LaunchScreen.storyboard in Resources */ = {isa = PBXBuildFile; fileRef = 4811C3A41C43619600A39F91 /* LaunchScreen.storyboard */; };
		48800DF01C45FCBA002094EC /* MediaPlayer.framework in Frameworks */ = {isa = PBXBuildFile; fileRef = 48800DEF1C45FCBA002094EC /* MediaPlayer.framework */; };
		488F17731C47599700437B64 /* Maps.swift in Sources */ = {isa = PBXBuildFile; fileRef = 488F17721C47599700437B64 /* Maps.swift */; };
		488F17751C475C0400437B64 /* Main.storyboard in Resources */ = {isa = PBXBuildFile; fileRef = 488F17741C475C0400437B64 /* Main.storyboard */; };
		488F17771C475EA200437B64 /* MapKit.framework in Frameworks */ = {isa = PBXBuildFile; fileRef = 488F17761C475EA200437B64 /* MapKit.framework */; };
		488F17791C4762FF00437B64 /* CoreLocation.framework in Frameworks */ = {isa = PBXBuildFile; fileRef = 488F17781C4762FF00437B64 /* CoreLocation.framework */; };
		48AF84041C4621B0000CD839 /* ViewController2.swift in Sources */ = {isa = PBXBuildFile; fileRef = 48AF84031C4621B0000CD839 /* ViewController2.swift */; };
		814A99CC1CCD136E00EFAD6B /* droidcam-1051171720.jpg in Resources */ = {isa = PBXBuildFile; fileRef = 814A99CB1CCD136E00EFAD6B /* droidcam-1051171720.jpg */; };
		814A99D01CCD17A400EFAD6B /* ImageFilter.swift in Sources */ = {isa = PBXBuildFile; fileRef = 814A99CF1CCD17A400EFAD6B /* ImageFilter.swift */; };
/* End PBXBuildFile section */

/* Begin PBXFileReference section */
		4811C3981C43619600A39F91 /* playios.app */ = {isa = PBXFileReference; explicitFileType = wrapper.application; includeInIndex = 0; path = playios.app; sourceTree = BUILT_PRODUCTS_DIR; };
		4811C39B1C43619600A39F91 /* AppDelegate.swift */ = {isa = PBXFileReference; lastKnownFileType = sourcecode.swift; path = AppDelegate.swift; sourceTree = "<group>"; };
		4811C39D1C43619600A39F91 /* ViewController.swift */ = {isa = PBXFileReference; lastKnownFileType = sourcecode.swift; path = ViewController.swift; sourceTree = "<group>"; };
		4811C3A21C43619600A39F91 /* Assets.xcassets */ = {isa = PBXFileReference; lastKnownFileType = folder.assetcatalog; path = Assets.xcassets; sourceTree = "<group>"; };
		4811C3A51C43619600A39F91 /* Base */ = {isa = PBXFileReference; lastKnownFileType = file.storyboard; name = Base; path = Base.lproj/LaunchScreen.storyboard; sourceTree = "<group>"; };
		4811C3A71C43619600A39F91 /* Info.plist */ = {isa = PBXFileReference; lastKnownFileType = text.plist.xml; path = Info.plist; sourceTree = "<group>"; };
		48800DEF1C45FCBA002094EC /* MediaPlayer.framework */ = {isa = PBXFileReference; lastKnownFileType = wrapper.framework; name = MediaPlayer.framework; path = System/Library/Frameworks/MediaPlayer.framework; sourceTree = SDKROOT; };
		488F17721C47599700437B64 /* Maps.swift */ = {isa = PBXFileReference; fileEncoding = 4; lastKnownFileType = sourcecode.swift; path = Maps.swift; sourceTree = "<group>"; };
		488F17741C475C0400437B64 /* Main.storyboard */ = {isa = PBXFileReference; fileEncoding = 4; lastKnownFileType = file.storyboard; path = Main.storyboard; sourceTree = "<group>"; };
		488F17761C475EA200437B64 /* MapKit.framework */ = {isa = PBXFileReference; lastKnownFileType = wrapper.framework; name = MapKit.framework; path = System/Library/Frameworks/MapKit.framework; sourceTree = SDKROOT; };
		488F17781C4762FF00437B64 /* CoreLocation.framework */ = {isa = PBXFileReference; lastKnownFileType = wrapper.framework; name = CoreLocation.framework; path = System/Library/Frameworks/CoreLocation.framework; sourceTree = SDKROOT; };
		48AF84031C4621B0000CD839 /* ViewController2.swift */ = {isa = PBXFileReference; fileEncoding = 4; lastKnownFileType = sourcecode.swift; path = ViewController2.swift; sourceTree = "<group>"; };
		814A99CB1CCD136E00EFAD6B /* droidcam-1051171720.jpg */ = {isa = PBXFileReference; lastKnownFileType = image.jpeg; path = "droidcam-1051171720.jpg"; sourceTree = "<group>"; };
		814A99CF1CCD17A400EFAD6B /* ImageFilter.swift */ = {isa = PBXFileReference; fileEncoding = 4; lastKnownFileType = sourcecode.swift; path = ImageFilter.swift; sourceTree = "<group>"; };
/* End PBXFileReference section */

/* Begin PBXFrameworksBuildPhase section */
		4811C3951C43619600A39F91 /* Frameworks */ = {
			isa = PBXFrameworksBuildPhase;
			buildActionMask = 2147483647;
			files = (
				488F17791C4762FF00437B64 /* CoreLocation.framework in Frameworks */,
				488F17771C475EA200437B64 /* MapKit.framework in Frameworks */,
				48800DF01C45FCBA002094EC /* MediaPlayer.framework in Frameworks */,
			);
			runOnlyForDeploymentPostprocessing = 0;
		};
/* End PBXFrameworksBuildPhase section */

/* Begin PBXGroup section */
		4811C38F1C43619600A39F91 = {
			isa = PBXGroup;
			children = (
				48800DEC1C45FBD7002094EC /* Framework */,
				4811C39A1C43619600A39F91 /* playios */,
				4811C3991C43619600A39F91 /* Products */,
			);
			sourceTree = "<group>";
		};
		4811C3991C43619600A39F91 /* Products */ = {
			isa = PBXGroup;
			children = (
				4811C3981C43619600A39F91 /* playios.app */,
			);
			name = Products;
			sourceTree = "<group>";
		};
		4811C39A1C43619600A39F91 /* playios */ = {
			isa = PBXGroup;
			children = (
				814A99CB1CCD136E00EFAD6B /* droidcam-1051171720.jpg */,
				488F17741C475C0400437B64 /* Main.storyboard */,
				4811C39B1C43619600A39F91 /* AppDelegate.swift */,
				4811C39D1C43619600A39F91 /* ViewController.swift */,
				488F17721C47599700437B64 /* Maps.swift */,
				4811C3A21C43619600A39F91 /* Assets.xcassets */,
				4811C3A41C43619600A39F91 /* LaunchScreen.storyboard */,
				4811C3A71C43619600A39F91 /* Info.plist */,
				48AF84031C4621B0000CD839 /* ViewController2.swift */,
				814A99CF1CCD17A400EFAD6B /* ImageFilter.swift */,
			);
			path = playios;
			sourceTree = "<group>";
		};
		48800DEC1C45FBD7002094EC /* Framework */ = {
			isa = PBXGroup;
			children = (
				488F17781C4762FF00437B64 /* CoreLocation.framework */,
				488F17761C475EA200437B64 /* MapKit.framework */,
				48800DEF1C45FCBA002094EC /* MediaPlayer.framework */,
			);
			name = Framework;
			sourceTree = "<group>";
		};
/* End PBXGroup section */

/* Begin PBXNativeTarget section */
		4811C3971C43619600A39F91 /* playios */ = {
			isa = PBXNativeTarget;
			buildConfigurationList = 4811C3AA1C43619600A39F91 /* Build configuration list for PBXNativeTarget "playios" */;
			buildPhases = (
				4811C3941C43619600A39F91 /* Sources */,
				4811C3951C43619600A39F91 /* Frameworks */,
				4811C3961C43619600A39F91 /* Resources */,
			);
			buildRules = (
			);
			dependencies = (
			);
			name = playios;
			productName = playios;
			productReference = 4811C3981C43619600A39F91 /* playios.app */;
			productType = "com.apple.product-type.application";
		};
/* End PBXNativeTarget section */

/* Begin PBXProject section */
		4811C3901C43619600A39F91 /* Project object */ = {
			isa = PBXProject;
			attributes = {
				LastSwiftUpdateCheck = 0720;
				LastUpgradeCheck = 0720;
				ORGANIZATIONNAME = "Aditya Pujari";
				TargetAttributes = {
					4811C3971C43619600A39F91 = {
						CreatedOnToolsVersion = 7.2;
						DevelopmentTeam = N8HTH8886V;
						SystemCapabilities = {
							com.apple.Maps.iOS = {
								enabled = 1;
							};
						};
					};
				};
			};
			buildConfigurationList = 4811C3931C43619600A39F91 /* Build configuration list for PBXProject "playios" */;
			compatibilityVersion = "Xcode 3.2";
			developmentRegion = English;
			hasScannedForEncodings = 0;
			knownRegions = (
				en,
				Base,
			);
			mainGroup = 4811C38F1C43619600A39F91;
			productRefGroup = 4811C3991C43619600A39F91 /* Products */;
			projectDirPath = "";
			projectRoot = "";
			targets = (
				4811C3971C43619600A39F91 /* playios */,
			);
		};
/* End PBXProject section */

/* Begin PBXResourcesBuildPhase section */
		4811C3961C43619600A39F91 /* Resources */ = {
			isa = PBXResourcesBuildPhase;
			buildActionMask = 2147483647;
			files = (
				488F17751C475C0400437B64 /* Main.storyboard in Resources */,
				4811C3A61C43619600A39F91 /* LaunchScreen.storyboard in Resources */,
				4811C3A31C43619600A39F91 /* Assets.xcassets in Resources */,
				814A99CC1CCD136E00EFAD6B /* droidcam-1051171720.jpg in Resources */,
			);
			runOnlyForDeploymentPostprocessing = 0;
		};
/* End PBXResourcesBuildPhase section */

/* Begin PBXSourcesBuildPhase section */
		4811C3941C43619600A39F91 /* Sources */ = {
			isa = PBXSourcesBuildPhase;
			buildActionMask = 2147483647;
			files = (
				4811C39E1C43619600A39F91 /* ViewController.swift in Sources */,
				814A99D01CCD17A400EFAD6B /* ImageFilter.swift in Sources */,
				4811C39C1C43619600A39F91 /* AppDelegate.swift in Sources */,
				488F17731C47599700437B64 /* Maps.swift in Sources */,
				48AF84041C4621B0000CD839 /* ViewController2.swift in Sources */,
			);
			runOnlyForDeploymentPostprocessing = 0;
		};
/* End PBXSourcesBuildPhase section */

/* Begin PBXVariantGroup section */
		4811C3A41C43619600A39F91 /* LaunchScreen.storyboard */ = {
			isa = PBXVariantGroup;
			children = (
				4811C3A51C43619600A39F91 /* Base */,
			);
			name = LaunchScreen.storyboard;
			sourceTree = "<group>";
		};
/* End PBXVariantGroup section */

/* Begin XCBuildConfiguration section */
		4811C3A81C43619600A39F91 /* Debug */ = {
			isa = XCBuildConfiguration;
			buildSettings = {
				ALWAYS_SEARCH_USER_PATHS = NO;
				CLANG_CXX_LANGUAGE_STANDARD = "gnu++0x";
				CLANG_CXX_LIBRARY = "libc++";
				CLANG_ENABLE_MODULES = YES;
				CLANG_ENABLE_OBJC_ARC = YES;
				CLANG_WARN_BOOL_CONVERSION = YES;
				CLANG_WARN_CONSTANT_CONVERSION = YES;
				CLANG_WARN_DIRECT_OBJC_ISA_USAGE = YES_ERROR;
				CLANG_WARN_EMPTY_BODY = YES;
				CLANG_WARN_ENUM_CONVERSION = YES;
				CLANG_WARN_INT_CONVERSION = YES;
				CLANG_WARN_OBJC_ROOT_CLASS = YES_ERROR;
				CLANG_WARN_UNREACHABLE_CODE = YES;
				CLANG_WARN__DUPLICATE_METHOD_MATCH = YES;
				"CODE_SIGN_IDENTITY[sdk=iphoneos*]" = "iPhone Developer";
				COPY_PHASE_STRIP = NO;
				DEBUG_INFORMATION_FORMAT = dwarf;
				ENABLE_STRICT_OBJC_MSGSEND = YES;
				ENABLE_TESTABILITY = YES;
				GCC_C_LANGUAGE_STANDARD = gnu99;
				GCC_DYNAMIC_NO_PIC = NO;
				GCC_NO_COMMON_BLOCKS = YES;
				GCC_OPTIMIZATION_LEVEL = 0;
				GCC_PREPROCESSOR_DEFINITIONS = (
					"DEBUG=1",
					"$(inherited)",
				);
				GCC_WARN_64_TO_32_BIT_CONVERSION = YES;
				GCC_WARN_ABOUT_RETURN_TYPE = YES_ERROR;
				GCC_WARN_UNDECLARED_SELECTOR = YES;
				GCC_WARN_UNINITIALIZED_AUTOS = YES_AGGRESSIVE;
				GCC_WARN_UNUSED_FUNCTION = YES;
				GCC_WARN_UNUSED_VARIABLE = YES;
				IPHONEOS_DEPLOYMENT_TARGET = 9.2;
				MTL_ENABLE_DEBUG_INFO = YES;
				ONLY_ACTIVE_ARCH = YES;
				SDKROOT = iphoneos;
				SWIFT_OPTIMIZATION_LEVEL = "-Onone";
			};
			name = Debug;
		};
		4811C3A91C43619600A39F91 /* Release */ = {
			isa = XCBuildConfiguration;
			buildSettings = {
				ALWAYS_SEARCH_USER_PATHS = NO;
				CLANG_CXX_LANGUAGE_STANDARD = "gnu++0x";
				CLANG_CXX_LIBRARY = "libc++";
				CLANG_ENABLE_MODULES = YES;
				CLANG_ENABLE_OBJC_ARC = YES;
				CLANG_WARN_BOOL_CONVERSION = YES;
				CLANG_WARN_CONSTANT_CONVERSION = YES;
				CLANG_WARN_DIRECT_OBJC_ISA_USAGE = YES_ERROR;
				CLANG_WARN_EMPTY_BODY = YES;
				CLANG_WARN_ENUM_CONVERSION = YES;
				CLANG_WARN_INT_CONVERSION = YES;
				CLANG_WARN_OBJC_ROOT_CLASS = YES_ERROR;
				CLANG_WARN_UNREACHABLE_CODE = YES;
				CLANG_WARN__DUPLICATE_METHOD_MATCH = YES;
				"CODE_SIGN_IDENTITY[sdk=iphoneos*]" = "iPhone Developer";
				COPY_PHASE_STRIP = NO;
				DEBUG_INFORMATION_FORMAT = "dwarf-with-dsym";
				ENABLE_NS_ASSERTIONS = NO;
				ENABLE_STRICT_OBJC_MSGSEND = YES;
				GCC_C_LANGUAGE_STANDARD = gnu99;
				GCC_NO_COMMON_BLOCKS = YES;
				GCC_WARN_64_TO_32_BIT_CONVERSION = YES;
				GCC_WARN_ABOUT_RETURN_TYPE = YES_ERROR;
				GCC_WARN_UNDECLARED_SELECTOR = YES;
				GCC_WARN_UNINITIALIZED_AUTOS = YES_AGGRESSIVE;
				GCC_WARN_UNUSED_FUNCTION = YES;
				GCC_WARN_UNUSED_VARIABLE = YES;
				IPHONEOS_DEPLOYMENT_TARGET = 9.2;
				MTL_ENABLE_DEBUG_INFO = NO;
				SDKROOT = iphoneos;
				VALIDATE_PRODUCT = YES;
			};
			name = Release;
		};
		4811C3AB1C43619600A39F91 /* Debug */ = {
			isa = XCBuildConfiguration;
			buildSettings = {
				ASSETCATALOG_COMPILER_APPICON_NAME = AppIcon;
				CODE_SIGN_IDENTITY = "iPhone Developer";
				"CODE_SIGN_IDENTITY[sdk=iphoneos*]" = "iPhone Developer";
				INFOPLIST_FILE = playios/Info.plist;
				LD_RUNPATH_SEARCH_PATHS = "$(inherited) @executable_path/Frameworks";
				PRODUCT_BUNDLE_IDENTIFIER = me.playios;
				PRODUCT_NAME = "$(TARGET_NAME)";
				PROVISIONING_PROFILE = "";
			};
			name = Debug;
		};
		4811C3AC1C43619600A39F91 /* Release */ = {
			isa = XCBuildConfiguration;
			buildSettings = {
				ASSETCATALOG_COMPILER_APPICON_NAME = AppIcon;
				CODE_SIGN_IDENTITY = "iPhone Developer";
				"CODE_SIGN_IDENTITY[sdk=iphoneos*]" = "iPhone Developer";
				INFOPLIST_FILE = playios/Info.plist;
				LD_RUNPATH_SEARCH_PATHS = "$(inherited) @executable_path/Frameworks";
				PRODUCT_BUNDLE_IDENTIFIER = me.playios;
				PRODUCT_NAME = "$(TARGET_NAME)";
				PROVISIONING_PROFILE = "";
			};
			name = Release;
		};
/* End XCBuildConfiguration section */

/* Begin XCConfigurationList section */
		4811C3931C43619600A39F91 /* Build configuration list for PBXProject "playios" */ = {
			isa = XCConfigurationList;
			buildConfigurations = (
				4811C3A81C43619600A39F91 /* Debug */,
				4811C3A91C43619600A39F91 /* Release */,
			);
			defaultConfigurationIsVisible = 0;
			defaultConfigurationName = Release;
		};
		4811C3AA1C43619600A39F91 /* Build configuration list for PBXNativeTarget "playios" */ = {
			isa = XCConfigurationList;
			buildConfigurations = (
				4811C3AB1C43619600A39F91 /* Debug */,
				4811C3AC1C43619600A39F91 /* Release */,
			);
			defaultConfigurationIsVisible = 0;
			defaultConfigurationName = Release;
		};
/* End XCConfigurationList section */
	};
	rootObject = 4811C3901C43619600A39F91 /* Project object */;
}
